# Lite release lockfile for reproducible image pulls without reintroducing optional full-stack services.
# Generated from locally validated images on 2026-02-18.
services:
  qdrant:
    image: qdrant/qdrant@sha256:45f8e3ddc2570a4d029877e1b5ec1045c19b3852b4e22a55c7f43b05aea0ca89

  mongo:
    image: mongo@sha256:6159d784bc2ed3e6e97648bb28d93d43cf9660401c1230f4f340d14d68421119

  mcp-hub:
    image: ghcr.io/tbxark/mcp-proxy@sha256:70c0e02d39c4c0898e610b3a30954f7930628fa6f4fb447bad14c32382a25879
